PODS:
  - Flutter (1.0.0)
  - flutter_greetings (0.0.1):
    - Flutter

DEPENDENCIES:
  - Flutter (from `Flutter`)
  - flutter_greetings (from `.symlinks/plugins/flutter_greetings/ios`)

EXTERNAL SOURCES:
  Flutter:
    :path: Flutter
  flutter_greetings:
    :path: ".symlinks/plugins/flutter_greetings/ios"

SPEC CHECKSUMS:
  Flutter: 50d75fe2f02b26cc09d224853bb45737f8b3214a
  flutter_greetings: 7c00f10af32dac3e076bc0d9106a9d4b93f21ca8

PODFILE CHECKSUM: aafe91acc616949ddb318b77800a7f51bffa2a4c

COCOAPODS: 1.11.2
